<?xml version="1.0" encoding="utf-8"?>
<Project ToolsVersion="4.0" xmlns="http://schemas.microsoft.com/developer/msbuild/2003">
  <ItemGroup>
    <Filter Include="源文件">
      <UniqueIdentifier>{4FC737F1-C7A5-4376-A066-2A32D752A2FF}</UniqueIdentifier>
      <Extensions>cpp;c;cc;cxx;c++;cppm;ixx;def;odl;idl;hpj;bat;asm;asmx</Extensions>
    </Filter>
    <Filter Include="头文件">
      <UniqueIdentifier>{93995380-89BD-4b04-88EB-625FBE52EBFB}</UniqueIdentifier>
      <Extensions>h;hh;hpp;hxx;h++;hm;inl;inc;ipp;xsd</Extensions>
    </Filter>
    <Filter Include="资源文件">
      <UniqueIdentifier>{67DA6AB6-F800-4c08-8B7A-83BB121AAD01}</UniqueIdentifier>
      <Extensions>rc;ico;cur;bmp;dlg;rc2;rct;bin;rgs;gif;jpg;jpeg;jpe;resx;tiff;tif;png;wav;mfcribbon-ms</Extensions>
    </Filter>
  </ItemGroup>
  <ItemGroup>
    <ClInclude Include="Hosp_Reg_UI.h">
      <Filter>头文件</Filter>
    </ClInclude>
    <ClInclude Include="Hosp_Reg_UIDlg.h">
      <Filter>头文件</Filter>
    </ClInclude>
    <ClInclude Include="framework.h">
      <Filter>头文件</Filter>
    </ClInclude>
    <ClInclude Include="targetver.h">
      <Filter>头文件</Filter>
    </ClInclude>
    <ClInclude Include="Resource.h">
      <Filter>头文件</Filter>
    </ClInclude>
    <ClInclude Include="pch.h">
      <Filter>头文件</Filter>
    </ClInclude>
    <ClInclude Include="SQLInterface.h">
      <Filter>头文件</Filter>
    </ClInclude>
    <ClInclude Include="UserInfo.h">
      <Filter>头文件</Filter>
    </ClInclude>
    <ClInclude Include="UserLoginDlg.h">
      <Filter>头文件</Filter>
    </ClInclude>
    <ClInclude Include="AdminLoginDlg.h">
      <Filter>头文件</Filter>
    </ClInclude>
    <ClInclude Include="UserRegDlg.h">
      <Filter>头文件</Filter>
    </ClInclude>
    <ClInclude Include="AdminRegDlg.h">
      <Filter>头文件</Filter>
    </ClInclude>
    <ClInclude Include="DocArrangeDlg.h">
      <Filter>头文件</Filter>
    </ClInclude>
    <ClInclude Include="DocInfoDlg.h">
      <Filter>头文件</Filter>
    </ClInclude>
    <ClInclude Include="DocWorkdayDlg.h">
      <Filter>头文件</Filter>
    </ClInclude>
    <ClInclude Include="DocOrderStateDlg.h">
      <Filter>头文件</Filter>
    </ClInclude>
    <ClInclude Include="UserInfoDlg.h">
      <Filter>头文件</Filter>
    </ClInclude>
    <ClInclude Include="OrderDlg.h">
      <Filter>头文件</Filter>
    </ClInclude>
    <ClInclude Include="HistoryDlg.h">
      <Filter>头文件</Filter>
    </ClInclude>
    <ClInclude Include="AdminInfo.h">
      <Filter>头文件</Filter>
    </ClInclude>
    <ClInclude Include="DocInfo.h">
      <Filter>头文件</Filter>
    </ClInclude>
    <ClInclude Include="DocWorkday.h">
      <Filter>头文件</Filter>
    </ClInclude>
    <ClInclude Include="UserIDDatabase.h">
      <Filter>头文件</Filter>
    </ClInclude>
    <ClInclude Include="User_order.h">
      <Filter>头文件</Filter>
    </ClInclude>
    <ClInclude Include="MyOrderDlg.h">
      <Filter>头文件</Filter>
    </ClInclude>
    <ClInclude Include="TempInfo.h">
      <Filter>头文件</Filter>
    </ClInclude>
  </ItemGroup>
  <ItemGroup>
    <ClCompile Include="Hosp_Reg_UI.cpp">
      <Filter>源文件</Filter>
    </ClCompile>
    <ClCompile Include="Hosp_Reg_UIDlg.cpp">
      <Filter>源文件</Filter>
    </ClCompile>
    <ClCompile Include="pch.cpp">
      <Filter>源文件</Filter>
    </ClCompile>
    <ClCompile Include="SQLInterface.cpp">
      <Filter>源文件</Filter>
    </ClCompile>
    <ClCompile Include="UserInfo.cpp">
      <Filter>源文件</Filter>
    </ClCompile>
    <ClCompile Include="UserLoginDlg.cpp">
      <Filter>源文件</Filter>
    </ClCompile>
    <ClCompile Include="AdminLoginDlg.cpp">
      <Filter>源文件</Filter>
    </ClCompile>
    <ClCompile Include="UserRegDlg.cpp">
      <Filter>源文件</Filter>
    </ClCompile>
    <ClCompile Include="AdminRegDlg.cpp">
      <Filter>源文件</Filter>
    </ClCompile>
    <ClCompile Include="DocArrangeDlg.cpp">
      <Filter>源文件</Filter>
    </ClCompile>
    <ClCompile Include="DocInfoDlg.cpp">
      <Filter>源文件</Filter>
    </ClCompile>
    <ClCompile Include="DocWorkdayDlg.cpp">
      <Filter>源文件</Filter>
    </ClCompile>
    <ClCompile Include="DocOrderStateDlg.cpp">
      <Filter>源文件</Filter>
    </ClCompile>
    <ClCompile Include="UserInfoDlg.cpp">
      <Filter>源文件</Filter>
    </ClCompile>
    <ClCompile Include="MyOrderDlg.cpp">
      <Filter>源文件</Filter>
    </ClCompile>
    <ClCompile Include="OrderDlg.cpp">
      <Filter>源文件</Filter>
    </ClCompile>
    <ClCompile Include="HistoryDlg.cpp">
      <Filter>源文件</Filter>
    </ClCompile>
    <ClCompile Include="AdminInfo.cpp">
      <Filter>源文件</Filter>
    </ClCompile>
    <ClCompile Include="DocInfo.cpp">
      <Filter>源文件</Filter>
    </ClCompile>
    <ClCompile Include="DocWorkday.cpp">
      <Filter>源文件</Filter>
    </ClCompile>
    <ClCompile Include="UserIDDatabase.cpp">
      <Filter>源文件</Filter>
    </ClCompile>
    <ClCompile Include="User_order.cpp">
      <Filter>源文件</Filter>
    </ClCompile>
    <ClCompile Include="TempInfo.cpp">
      <Filter>源文件</Filter>
    </ClCompile>
  </ItemGroup>
  <ItemGroup>
    <ResourceCompile Include="HospRegUI.rc">
      <Filter>资源文件</Filter>
    </ResourceCompile>
  </ItemGroup>
  <ItemGroup>
    <None Include="res\HospRegUI.rc2">
      <Filter>资源文件</Filter>
    </None>
  </ItemGroup>
  <ItemGroup>
    <Image Include="res\Hosp_Reg_UI.ico">
      <Filter>资源文件</Filter>
    </Image>
  </ItemGroup>
</Project>